
Microsoft Visual Studio Solution File, Format Version 12.00
# Visual Studio Version 17
VisualStudioVersion = 17.6.33829.357
MinimumVisualStudioVersion = 10.0.40219.1
Project("{6EC3EE1D-3C4E-46DD-8F32-0CC8E7565705}") = "AdventOfCode", "AdventOfCode\AdventOfCode.fsproj", "{3F5A18D8-6674-4ED9-97A6-37DA89B52878}"
EndProject
Project("{F2A71F9B-5D33-465A-A702-920D77279786}") = "AdventOfCode.Test", "AdventOfCode.Test\AdventOfCode.Test.fsproj", "{8D16E031-C7D8-4B8E-BFDE-2952443036A0}"
EndProject
Global
	GlobalSection(SolutionConfigurationPlatforms) = preSolution
		Debug|Any CPU = Debug|Any CPU
		Release|Any CPU = Release|Any CPU
	EndGlobalSection
	GlobalSection(ProjectConfigurationPlatforms) = postSolution
		{3F5A18D8-6674-4ED9-97A6-37DA89B52878}.Debug|Any CPU.ActiveCfg = Debug|Any CPU
		{3F5A18D8-6674-4ED9-97A6-37DA89B52878}.Debug|Any CPU.Build.0 = Debug|Any CPU
		{3F5A18D8-6674-4ED9-97A6-37DA89B52878}.Release|Any CPU.ActiveCfg = Release|Any CPU
		{3F5A18D8-6674-4ED9-97A6-37DA89B52878}.Release|Any CPU.Build.0 = Release|Any CPU
		{8D16E031-C7D8-4B8E-BFDE-2952443036A0}.Debug|Any CPU.ActiveCfg = Debug|Any CPU
		{8D16E031-C7D8-4B8E-BFDE-2952443036A0}.Debug|Any CPU.Build.0 = Debug|Any CPU
		{8D16E031-C7D8-4B8E-BFDE-2952443036A0}.Release|Any CPU.ActiveCfg = Release|Any CPU
		{8D16E031-C7D8-4B8E-BFDE-2952443036A0}.Release|Any CPU.Build.0 = Release|Any CPU
	EndGlobalSection
	GlobalSection(SolutionProperties) = preSolution
		HideSolutionNode = FALSE
	EndGlobalSection
	GlobalSection(ExtensibilityGlobals) = postSolution
		SolutionGuid = {E5B73E17-1586-4C30-AB08-A64909403397}
	EndGlobalSection
EndGlobal
